
Microsoft Visual Studio Solution File, Format Version 12.00
# Visual Studio 15
VisualStudioVersion = 15.0.27004.2009
MinimumVisualStudioVersion = 10.0.40219.1
Project("{FAE04EC0-301F-11D3-BF4B-00C04F79EFBC}") = "HtmlToPdf", "VS2017DotNet\HtmlToPdf\HtmlToPdf.csproj", "{87FBB62F-5BA5-46D3-A0BC-9B69214401EF}"
EndProject
Project("{FAE04EC0-301F-11D3-BF4B-00C04F79EFBC}") = "JavaScriptDemo", "VS2017DotNet\JavaScriptDemo\JavaScriptDemo.csproj", "{03C3E696-4742-4C09-B455-B721C33E5BE2}"
EndProject
Project("{FAE04EC0-301F-11D3-BF4B-00C04F79EFBC}") = "EhiWebService", "VS2017DotNet\EhiWebService\EhiWebService.csproj", "{2433456D-394B-4445-A217-31269BD99C42}"
EndProject
Project("{FAE04EC0-301F-11D3-BF4B-00C04F79EFBC}") = "PinYinParse", "VS2017DotNet\PinYinParse\PinYinParse.csproj", "{131E5B4F-08DD-45DF-A71E-012B8FA6BC4E}"
EndProject
Project("{FAE04EC0-301F-11D3-BF4B-00C04F79EFBC}") = "WebApplicationDemo", "VS2017DotNet\WebApplicationDemo\WebApplicationDemo.csproj", "{5A96A93D-8B3B-430B-8A11-C9A03F8DAB8C}"
EndProject
Project("{FAE04EC0-301F-11D3-BF4B-00C04F79EFBC}") = "ShellDemo", "VS2017DotNet\ShellDemo\ShellDemo.csproj", "{78E838E9-FD0A-4B43-8A27-FBBAB89AF567}"
EndProject
Project("{FAE04EC0-301F-11D3-BF4B-00C04F79EFBC}") = "MVCDemo", "VS2017DotNet\MVCDemo\MVCDemo.csproj", "{16714FD5-1D0D-447D-AAF8-1842A7021944}"
EndProject
Project("{FAE04EC0-301F-11D3-BF4B-00C04F79EFBC}") = "VirtualDesktop", "VS2017DotNet\VirtualDesktop\VirtualDesktop.csproj", "{B9E27493-FEFB-4446-B8C1-D4F2F5FD22C4}"
EndProject
Project("{FAE04EC0-301F-11D3-BF4B-00C04F79EFBC}") = "MyLibs", "VS2017DotNet\MyLibs\MyLibs.csproj", "{E6C9CF7C-290B-4A37-B89B-0C7EA869E8D5}"
EndProject
Project("{2150E333-8FDC-42A3-9474-1A3956D46DE8}") = "WCF", "WCF", "{3DA25E1E-9653-435F-9FBD-E27B3FCAFEED}"
EndProject
Project("{FAE04EC0-301F-11D3-BF4B-00C04F79EFBC}") = "ProxySample", "VS2017DotNet\WCF\ProxySample\ProxySample.csproj", "{9B51FBBE-FEFF-43CF-A978-6878765EACEE}"
EndProject
Project("{FAE04EC0-301F-11D3-BF4B-00C04F79EFBC}") = "WcfService1", "VS2017DotNet\WCF\WcfService1\WcfService1.csproj", "{B17B24F3-C95E-4D86-998D-8D15C558EAA9}"
EndProject
Project("{FAE04EC0-301F-11D3-BF4B-00C04F79EFBC}") = "WfApp", "VS2017DotNet\WfApp\WfApp.csproj", "{6129AD39-9550-4A99-B187-A90F0E2C9A15}"
EndProject
Project("{2150E333-8FDC-42A3-9474-1A3956D46DE8}") = "CPP", "CPP", "{587502EC-3B1F-4C4D-88EF-56B9AEEEEC15}"
EndProject
Project("{8BC9CEB8-8B4A-11D0-8D11-00A0C91BC942}") = "20131004", "VS2017DotNet\CPP\20131004\20131004.vcxproj", "{CEA34005-E1C1-435A-B3EB-F3F474E640F7}"
EndProject
Project("{8BC9CEB8-8B4A-11D0-8D11-00A0C91BC942}") = "20131005", "VS2017DotNet\CPP\20131005\20131005.vcxproj", "{95592EB9-98BF-45E8-8033-3FC709BA1D6B}"
EndProject
Project("{8BC9CEB8-8B4A-11D0-8D11-00A0C91BC942}") = "20151228", "VS2017DotNet\CPP\20151228\20151228.vcxproj", "{E0252C4E-C3F4-4586-BF20-5844A2B8DCCA}"
EndProject
Project("{8BC9CEB8-8B4A-11D0-8D11-00A0C91BC942}") = "CProject", "VS2017DotNet\CPP\CProject\CProject.vcxproj", "{AD5733BD-84F0-4462-9BBB-193059F1C617}"
EndProject
Project("{8BC9CEB8-8B4A-11D0-8D11-00A0C91BC942}") = "简单实例", "VS2017DotNet\CPP\简单实例\简单实例.vcxproj", "{93B730BB-E55B-4CE2-819C-C4172CF24C22}"
EndProject
Project("{8BC9CEB8-8B4A-11D0-8D11-00A0C91BC942}") = "算法", "VS2017DotNet\CPP\算法\算法.vcxproj", "{DC37359E-1F8C-49E8-8857-EC19B4B992BB}"
EndProject
Project("{FAE04EC0-301F-11D3-BF4B-00C04F79EFBC}") = "WSChatWebApi", "VS2017DotNet\WSChatWebApi\WSChatWebApi.csproj", "{513FBFD0-969D-4228-85E2-2F8C45E250F3}"
EndProject
Project("{8BC9CEB8-8B4A-11D0-8D11-00A0C91BC942}") = "AgentProject", "VS2017DotNet\CPP\AgentProject\AgentProject.vcxproj", "{7B66F38D-509C-457B-9737-0DCC7AB9089E}"
EndProject
Project("{8BC9CEB8-8B4A-11D0-8D11-00A0C91BC942}") = "ConcurrencyProject", "VS2017DotNet\CPP\ConcurrencyProject\ConcurrencyProject.vcxproj", "{F81BA6F8-5B32-45FA-B547-23CF1C1EF72F}"
EndProject
Project("{8BC9CEB8-8B4A-11D0-8D11-00A0C91BC942}") = "Par_Matrix_multiply_Project", "VS2017DotNet\CPP\Par_Matrix_multiply_Project\Par_Matrix_multiply_Project.vcxproj", "{BB7EE296-5DC4-430C-A6D2-13EB6FBD5ACD}"
EndProject
Project("{8BC9CEB8-8B4A-11D0-8D11-00A0C91BC942}") = "CppApp", "VS2017DotNet\CPP\CppApp\CppApp.vcxproj", "{CFF7BC10-E9BF-4848-A5E9-DA2EFFFB98AD}"
EndProject
Project("{8BC9CEB8-8B4A-11D0-8D11-00A0C91BC942}") = "CPPProject", "VS2017DotNet\CPP\CPPProject\CPPProject.vcxproj", "{32BC073F-DD87-451B-85E1-888125C6964D}"
EndProject
Project("{FAE04EC0-301F-11D3-BF4B-00C04F79EFBC}") = "JSONWCFService", "VS2017DotNet\JSONWCFService\JSONWCFService.csproj", "{9EFB26B2-849A-4303-9AB0-CFA1377AEEDA}"
EndProject
Project("{FAE04EC0-301F-11D3-BF4B-00C04F79EFBC}") = "ThreadPoolDemo", "VS2017DotNet\ThreadPoolDemo\ThreadPoolDemo.csproj", "{906E29A5-8E4F-4CF8-BB8A-140F9A422E59}"
EndProject
Project("{FAE04EC0-301F-11D3-BF4B-00C04F79EFBC}") = "WcfCalcService", "VS2017DotNet\WcfCalcService\WcfCalcService.csproj", "{0C0B69DD-F7EC-43D2-8C4C-010CD4830108}"
EndProject
Project("{FAE04EC0-301F-11D3-BF4B-00C04F79EFBC}") = "WebApp", "VS2017DotNet\WebApp\WebApp.csproj", "{B9A0CB2B-2017-4321-8FBC-D63082E277D8}"
EndProject
Project("{FAE04EC0-301F-11D3-BF4B-00C04F79EFBC}") = "WebAppOdata", "VS2017DotNet\WebAppOdata\WebAppOdata.csproj", "{A11C1CD4-D432-49AE-8B98-FDBE5AFB368D}"
EndProject
Project("{FAE04EC0-301F-11D3-BF4B-00C04F79EFBC}") = "WebAppService", "VS2017DotNet\WebAppService\WebAppService.csproj", "{48EC7159-829F-4E03-8837-B413E52CAF9B}"
EndProject
Project("{FAE04EC0-301F-11D3-BF4B-00C04F79EFBC}") = "WinformLog", "VS2017DotNet\WinformLog\WinformLog.csproj", "{EE011AEE-377B-4D38-ABF0-932ADE5FBD93}"
EndProject
Project("{2150E333-8FDC-42A3-9474-1A3956D46DE8}") = "ASP.NETCoer", "ASP.NETCoer", "{B2BA4620-E3EC-4AB8-8A5E-C77A8D6A8A21}"
EndProject
Project("{9A19103F-16F7-4668-BE54-9A1E7A4F7556}") = "CSCoreRedis", "VS2017DotNet\ASP.NETCoer\CSCoreRedis\CSCoreRedis.csproj", "{5A8BDC18-4CF0-4138-ACCF-7B39E4FD0679}"
EndProject
Project("{9A19103F-16F7-4668-BE54-9A1E7A4F7556}") = "WebApp", "VS2017DotNet\ASP.NETCoer\WebApp\WebApp.csproj", "{E3674FF1-9054-4238-B8AB-435EA1F3CF07}"
EndProject
Project("{9A19103F-16F7-4668-BE54-9A1E7A4F7556}") = "WebAppSession", "VS2017DotNet\ASP.NETCoer\WebAppSession\WebAppSession.csproj", "{184D1E38-DF2E-47F1-902B-6A3CC2984030}"
EndProject
Project("{FAE04EC0-301F-11D3-BF4B-00C04F79EFBC}") = "Pkcs12ProtectedConfigurationProvider", "VS2017DotNet\Pkcs12ProtectedConfigurationProvider\Pkcs12ProtectedConfigurationProvider.csproj", "{395159B0-60A2-4517-9766-EE97B0AA47D4}"
EndProject
Global
	GlobalSection(SolutionConfigurationPlatforms) = preSolution
		Debug|Any CPU = Debug|Any CPU
		Debug|Mixed Platforms = Debug|Mixed Platforms
		Debug|Win32 = Debug|Win32
		Debug|x64 = Debug|x64
		Debug|x86 = Debug|x86
		Release|Any CPU = Release|Any CPU
		Release|Mixed Platforms = Release|Mixed Platforms
		Release|Win32 = Release|Win32
		Release|x64 = Release|x64
		Release|x86 = Release|x86
	EndGlobalSection
	GlobalSection(ProjectConfigurationPlatforms) = postSolution
		{87FBB62F-5BA5-46D3-A0BC-9B69214401EF}.Debug|Any CPU.ActiveCfg = Debug|Any CPU
		{87FBB62F-5BA5-46D3-A0BC-9B69214401EF}.Debug|Any CPU.Build.0 = Debug|Any CPU
		{87FBB62F-5BA5-46D3-A0BC-9B69214401EF}.Debug|Mixed Platforms.ActiveCfg = Debug|Any CPU
		{87FBB62F-5BA5-46D3-A0BC-9B69214401EF}.Debug|Mixed Platforms.Build.0 = Debug|Any CPU
		{87FBB62F-5BA5-46D3-A0BC-9B69214401EF}.Debug|Win32.ActiveCfg = Debug|Any CPU
		{87FBB62F-5BA5-46D3-A0BC-9B69214401EF}.Debug|x64.ActiveCfg = Debug|Any CPU
		{87FBB62F-5BA5-46D3-A0BC-9B69214401EF}.Debug|x64.Build.0 = Debug|Any CPU
		{87FBB62F-5BA5-46D3-A0BC-9B69214401EF}.Debug|x86.ActiveCfg = Debug|Any CPU
		{87FBB62F-5BA5-46D3-A0BC-9B69214401EF}.Release|Any CPU.ActiveCfg = Release|Any CPU
		{87FBB62F-5BA5-46D3-A0BC-9B69214401EF}.Release|Any CPU.Build.0 = Release|Any CPU
		{87FBB62F-5BA5-46D3-A0BC-9B69214401EF}.Release|Mixed Platforms.ActiveCfg = Release|Any CPU
		{87FBB62F-5BA5-46D3-A0BC-9B69214401EF}.Release|Mixed Platforms.Build.0 = Release|Any CPU
		{87FBB62F-5BA5-46D3-A0BC-9B69214401EF}.Release|Win32.ActiveCfg = Release|Any CPU
		{87FBB62F-5BA5-46D3-A0BC-9B69214401EF}.Release|x64.ActiveCfg = Release|Any CPU
		{87FBB62F-5BA5-46D3-A0BC-9B69214401EF}.Release|x64.Build.0 = Release|Any CPU
		{87FBB62F-5BA5-46D3-A0BC-9B69214401EF}.Release|x86.ActiveCfg = Release|Any CPU
		{03C3E696-4742-4C09-B455-B721C33E5BE2}.Debug|Any CPU.ActiveCfg = Debug|Any CPU
		{03C3E696-4742-4C09-B455-B721C33E5BE2}.Debug|Any CPU.Build.0 = Debug|Any CPU
		{03C3E696-4742-4C09-B455-B721C33E5BE2}.Debug|Mixed Platforms.ActiveCfg = Debug|Any CPU
		{03C3E696-4742-4C09-B455-B721C33E5BE2}.Debug|Mixed Platforms.Build.0 = Debug|Any CPU
		{03C3E696-4742-4C09-B455-B721C33E5BE2}.Debug|Win32.ActiveCfg = Debug|Any CPU
		{03C3E696-4742-4C09-B455-B721C33E5BE2}.Debug|x64.ActiveCfg = Debug|Any CPU
		{03C3E696-4742-4C09-B455-B721C33E5BE2}.Debug|x64.Build.0 = Debug|Any CPU
		{03C3E696-4742-4C09-B455-B721C33E5BE2}.Debug|x86.ActiveCfg = Debug|Any CPU
		{03C3E696-4742-4C09-B455-B721C33E5BE2}.Release|Any CPU.ActiveCfg = Release|Any CPU
		{03C3E696-4742-4C09-B455-B721C33E5BE2}.Release|Any CPU.Build.0 = Release|Any CPU
		{03C3E696-4742-4C09-B455-B721C33E5BE2}.Release|Mixed Platforms.ActiveCfg = Release|Any CPU
		{03C3E696-4742-4C09-B455-B721C33E5BE2}.Release|Mixed Platforms.Build.0 = Release|Any CPU
		{03C3E696-4742-4C09-B455-B721C33E5BE2}.Release|Win32.ActiveCfg = Release|Any CPU
		{03C3E696-4742-4C09-B455-B721C33E5BE2}.Release|x64.ActiveCfg = Release|Any CPU
		{03C3E696-4742-4C09-B455-B721C33E5BE2}.Release|x64.Build.0 = Release|Any CPU
		{03C3E696-4742-4C09-B455-B721C33E5BE2}.Release|x86.ActiveCfg = Release|Any CPU
		{2433456D-394B-4445-A217-31269BD99C42}.Debug|Any CPU.ActiveCfg = Debug|x86
		{2433456D-394B-4445-A217-31269BD99C42}.Debug|Mixed Platforms.ActiveCfg = Debug|x86
		{2433456D-394B-4445-A217-31269BD99C42}.Debug|Mixed Platforms.Build.0 = Debug|x86
		{2433456D-394B-4445-A217-31269BD99C42}.Debug|Win32.ActiveCfg = Debug|x86
		{2433456D-394B-4445-A217-31269BD99C42}.Debug|Win32.Build.0 = Debug|x86
		{2433456D-394B-4445-A217-31269BD99C42}.Debug|x64.ActiveCfg = Debug|x86
		{2433456D-394B-4445-A217-31269BD99C42}.Debug|x86.ActiveCfg = Debug|x86
		{2433456D-394B-4445-A217-31269BD99C42}.Debug|x86.Build.0 = Debug|x86
		{2433456D-394B-4445-A217-31269BD99C42}.Release|Any CPU.ActiveCfg = Release|x86
		{2433456D-394B-4445-A217-31269BD99C42}.Release|Mixed Platforms.ActiveCfg = Release|x86
		{2433456D-394B-4445-A217-31269BD99C42}.Release|Mixed Platforms.Build.0 = Release|x86
		{2433456D-394B-4445-A217-31269BD99C42}.Release|Win32.ActiveCfg = Release|x86
		{2433456D-394B-4445-A217-31269BD99C42}.Release|Win32.Build.0 = Release|x86
		{2433456D-394B-4445-A217-31269BD99C42}.Release|x64.ActiveCfg = Release|x86
		{2433456D-394B-4445-A217-31269BD99C42}.Release|x86.ActiveCfg = Release|x86
		{2433456D-394B-4445-A217-31269BD99C42}.Release|x86.Build.0 = Release|x86
		{131E5B4F-08DD-45DF-A71E-012B8FA6BC4E}.Debug|Any CPU.ActiveCfg = Debug|Any CPU
		{131E5B4F-08DD-45DF-A71E-012B8FA6BC4E}.Debug|Any CPU.Build.0 = Debug|Any CPU
		{131E5B4F-08DD-45DF-A71E-012B8FA6BC4E}.Debug|Mixed Platforms.ActiveCfg = Debug|Any CPU
		{131E5B4F-08DD-45DF-A71E-012B8FA6BC4E}.Debug|Mixed Platforms.Build.0 = Debug|Any CPU
		{131E5B4F-08DD-45DF-A71E-012B8FA6BC4E}.Debug|Win32.ActiveCfg = Debug|Any CPU
		{131E5B4F-08DD-45DF-A71E-012B8FA6BC4E}.Debug|Win32.Build.0 = Debug|Any CPU
		{131E5B4F-08DD-45DF-A71E-012B8FA6BC4E}.Debug|x64.ActiveCfg = Debug|Any CPU
		{131E5B4F-08DD-45DF-A71E-012B8FA6BC4E}.Debug|x64.Build.0 = Debug|Any CPU
		{131E5B4F-08DD-45DF-A71E-012B8FA6BC4E}.Debug|x86.ActiveCfg = Debug|Any CPU
		{131E5B4F-08DD-45DF-A71E-012B8FA6BC4E}.Debug|x86.Build.0 = Debug|Any CPU
		{131E5B4F-08DD-45DF-A71E-012B8FA6BC4E}.Release|Any CPU.ActiveCfg = Release|Any CPU
		{131E5B4F-08DD-45DF-A71E-012B8FA6BC4E}.Release|Any CPU.Build.0 = Release|Any CPU
		{131E5B4F-08DD-45DF-A71E-012B8FA6BC4E}.Release|Mixed Platforms.ActiveCfg = Release|Any CPU
		{131E5B4F-08DD-45DF-A71E-012B8FA6BC4E}.Release|Mixed Platforms.Build.0 = Release|Any CPU
		{131E5B4F-08DD-45DF-A71E-012B8FA6BC4E}.Release|Win32.ActiveCfg = Release|Any CPU
		{131E5B4F-08DD-45DF-A71E-012B8FA6BC4E}.Release|Win32.Build.0 = Release|Any CPU
		{131E5B4F-08DD-45DF-A71E-012B8FA6BC4E}.Release|x64.ActiveCfg = Release|Any CPU
		{131E5B4F-08DD-45DF-A71E-012B8FA6BC4E}.Release|x64.Build.0 = Release|Any CPU
		{131E5B4F-08DD-45DF-A71E-012B8FA6BC4E}.Release|x86.ActiveCfg = Release|Any CPU
		{131E5B4F-08DD-45DF-A71E-012B8FA6BC4E}.Release|x86.Build.0 = Release|Any CPU
		{5A96A93D-8B3B-430B-8A11-C9A03F8DAB8C}.Debug|Any CPU.ActiveCfg = Debug|Any CPU
		{5A96A93D-8B3B-430B-8A11-C9A03F8DAB8C}.Debug|Any CPU.Build.0 = Debug|Any CPU
		{5A96A93D-8B3B-430B-8A11-C9A03F8DAB8C}.Debug|Mixed Platforms.ActiveCfg = Debug|Any CPU
		{5A96A93D-8B3B-430B-8A11-C9A03F8DAB8C}.Debug|Mixed Platforms.Build.0 = Debug|Any CPU
		{5A96A93D-8B3B-430B-8A11-C9A03F8DAB8C}.Debug|Win32.ActiveCfg = Debug|Any CPU
		{5A96A93D-8B3B-430B-8A11-C9A03F8DAB8C}.Debug|Win32.Build.0 = Debug|Any CPU
		{5A96A93D-8B3B-430B-8A11-C9A03F8DAB8C}.Debug|x64.ActiveCfg = Debug|Any CPU
		{5A96A93D-8B3B-430B-8A11-C9A03F8DAB8C}.Debug|x64.Build.0 = Debug|Any CPU
		{5A96A93D-8B3B-430B-8A11-C9A03F8DAB8C}.Debug|x86.ActiveCfg = Debug|Any CPU
		{5A96A93D-8B3B-430B-8A11-C9A03F8DAB8C}.Debug|x86.Build.0 = Debug|Any CPU
		{5A96A93D-8B3B-430B-8A11-C9A03F8DAB8C}.Release|Any CPU.ActiveCfg = Release|Any CPU
		{5A96A93D-8B3B-430B-8A11-C9A03F8DAB8C}.Release|Any CPU.Build.0 = Release|Any CPU
		{5A96A93D-8B3B-430B-8A11-C9A03F8DAB8C}.Release|Mixed Platforms.ActiveCfg = Release|Any CPU
		{5A96A93D-8B3B-430B-8A11-C9A03F8DAB8C}.Release|Mixed Platforms.Build.0 = Release|Any CPU
		{5A96A93D-8B3B-430B-8A11-C9A03F8DAB8C}.Release|Win32.ActiveCfg = Release|Any CPU
		{5A96A93D-8B3B-430B-8A11-C9A03F8DAB8C}.Release|Win32.Build.0 = Release|Any CPU
		{5A96A93D-8B3B-430B-8A11-C9A03F8DAB8C}.Release|x64.ActiveCfg = Release|Any CPU
		{5A96A93D-8B3B-430B-8A11-C9A03F8DAB8C}.Release|x64.Build.0 = Release|Any CPU
		{5A96A93D-8B3B-430B-8A11-C9A03F8DAB8C}.Release|x86.ActiveCfg = Release|Any CPU
		{5A96A93D-8B3B-430B-8A11-C9A03F8DAB8C}.Release|x86.Build.0 = Release|Any CPU
		{78E838E9-FD0A-4B43-8A27-FBBAB89AF567}.Debug|Any CPU.ActiveCfg = Debug|Any CPU
		{78E838E9-FD0A-4B43-8A27-FBBAB89AF567}.Debug|Any CPU.Build.0 = Debug|Any CPU
		{78E838E9-FD0A-4B43-8A27-FBBAB89AF567}.Debug|Mixed Platforms.ActiveCfg = Debug|Any CPU
		{78E838E9-FD0A-4B43-8A27-FBBAB89AF567}.Debug|Mixed Platforms.Build.0 = Debug|Any CPU
		{78E838E9-FD0A-4B43-8A27-FBBAB89AF567}.Debug|Win32.ActiveCfg = Debug|Any CPU
		{78E838E9-FD0A-4B43-8A27-FBBAB89AF567}.Debug|Win32.Build.0 = Debug|Any CPU
		{78E838E9-FD0A-4B43-8A27-FBBAB89AF567}.Debug|x64.ActiveCfg = Debug|Any CPU
		{78E838E9-FD0A-4B43-8A27-FBBAB89AF567}.Debug|x64.Build.0 = Debug|Any CPU
		{78E838E9-FD0A-4B43-8A27-FBBAB89AF567}.Debug|x86.ActiveCfg = Debug|Any CPU
		{78E838E9-FD0A-4B43-8A27-FBBAB89AF567}.Debug|x86.Build.0 = Debug|Any CPU
		{78E838E9-FD0A-4B43-8A27-FBBAB89AF567}.Release|Any CPU.ActiveCfg = Release|Any CPU
		{78E838E9-FD0A-4B43-8A27-FBBAB89AF567}.Release|Any CPU.Build.0 = Release|Any CPU
		{78E838E9-FD0A-4B43-8A27-FBBAB89AF567}.Release|Mixed Platforms.ActiveCfg = Release|Any CPU
		{78E838E9-FD0A-4B43-8A27-FBBAB89AF567}.Release|Mixed Platforms.Build.0 = Release|Any CPU
		{78E838E9-FD0A-4B43-8A27-FBBAB89AF567}.Release|Win32.ActiveCfg = Release|Any CPU
		{78E838E9-FD0A-4B43-8A27-FBBAB89AF567}.Release|Win32.Build.0 = Release|Any CPU
		{78E838E9-FD0A-4B43-8A27-FBBAB89AF567}.Release|x64.ActiveCfg = Release|Any CPU
		{78E838E9-FD0A-4B43-8A27-FBBAB89AF567}.Release|x64.Build.0 = Release|Any CPU
		{78E838E9-FD0A-4B43-8A27-FBBAB89AF567}.Release|x86.ActiveCfg = Release|Any CPU
		{78E838E9-FD0A-4B43-8A27-FBBAB89AF567}.Release|x86.Build.0 = Release|Any CPU
		{16714FD5-1D0D-447D-AAF8-1842A7021944}.Debug|Any CPU.ActiveCfg = Debug|Any CPU
		{16714FD5-1D0D-447D-AAF8-1842A7021944}.Debug|Any CPU.Build.0 = Debug|Any CPU
		{16714FD5-1D0D-447D-AAF8-1842A7021944}.Debug|Mixed Platforms.ActiveCfg = Debug|Any CPU
		{16714FD5-1D0D-447D-AAF8-1842A7021944}.Debug|Mixed Platforms.Build.0 = Debug|Any CPU
		{16714FD5-1D0D-447D-AAF8-1842A7021944}.Debug|Win32.ActiveCfg = Debug|Any CPU
		{16714FD5-1D0D-447D-AAF8-1842A7021944}.Debug|Win32.Build.0 = Debug|Any CPU
		{16714FD5-1D0D-447D-AAF8-1842A7021944}.Debug|x64.ActiveCfg = Debug|Any CPU
		{16714FD5-1D0D-447D-AAF8-1842A7021944}.Debug|x64.Build.0 = Debug|Any CPU
		{16714FD5-1D0D-447D-AAF8-1842A7021944}.Debug|x86.ActiveCfg = Debug|Any CPU
		{16714FD5-1D0D-447D-AAF8-1842A7021944}.Debug|x86.Build.0 = Debug|Any CPU
		{16714FD5-1D0D-447D-AAF8-1842A7021944}.Release|Any CPU.ActiveCfg = Release|Any CPU
		{16714FD5-1D0D-447D-AAF8-1842A7021944}.Release|Any CPU.Build.0 = Release|Any CPU
		{16714FD5-1D0D-447D-AAF8-1842A7021944}.Release|Mixed Platforms.ActiveCfg = Release|Any CPU
		{16714FD5-1D0D-447D-AAF8-1842A7021944}.Release|Mixed Platforms.Build.0 = Release|Any CPU
		{16714FD5-1D0D-447D-AAF8-1842A7021944}.Release|Win32.ActiveCfg = Release|Any CPU
		{16714FD5-1D0D-447D-AAF8-1842A7021944}.Release|Win32.Build.0 = Release|Any CPU
		{16714FD5-1D0D-447D-AAF8-1842A7021944}.Release|x64.ActiveCfg = Release|Any CPU
		{16714FD5-1D0D-447D-AAF8-1842A7021944}.Release|x64.Build.0 = Release|Any CPU
		{16714FD5-1D0D-447D-AAF8-1842A7021944}.Release|x86.ActiveCfg = Release|Any CPU
		{16714FD5-1D0D-447D-AAF8-1842A7021944}.Release|x86.Build.0 = Release|Any CPU
		{B9E27493-FEFB-4446-B8C1-D4F2F5FD22C4}.Debug|Any CPU.ActiveCfg = Debug|Any CPU
		{B9E27493-FEFB-4446-B8C1-D4F2F5FD22C4}.Debug|Any CPU.Build.0 = Debug|Any CPU
		{B9E27493-FEFB-4446-B8C1-D4F2F5FD22C4}.Debug|Mixed Platforms.ActiveCfg = Debug|Any CPU
		{B9E27493-FEFB-4446-B8C1-D4F2F5FD22C4}.Debug|Mixed Platforms.Build.0 = Debug|Any CPU
		{B9E27493-FEFB-4446-B8C1-D4F2F5FD22C4}.Debug|Win32.ActiveCfg = Debug|Any CPU
		{B9E27493-FEFB-4446-B8C1-D4F2F5FD22C4}.Debug|Win32.Build.0 = Debug|Any CPU
		{B9E27493-FEFB-4446-B8C1-D4F2F5FD22C4}.Debug|x64.ActiveCfg = Debug|Any CPU
		{B9E27493-FEFB-4446-B8C1-D4F2F5FD22C4}.Debug|x64.Build.0 = Debug|Any CPU
		{B9E27493-FEFB-4446-B8C1-D4F2F5FD22C4}.Debug|x86.ActiveCfg = Debug|Any CPU
		{B9E27493-FEFB-4446-B8C1-D4F2F5FD22C4}.Debug|x86.Build.0 = Debug|Any CPU
		{B9E27493-FEFB-4446-B8C1-D4F2F5FD22C4}.Release|Any CPU.ActiveCfg = Release|Any CPU
		{B9E27493-FEFB-4446-B8C1-D4F2F5FD22C4}.Release|Any CPU.Build.0 = Release|Any CPU
		{B9E27493-FEFB-4446-B8C1-D4F2F5FD22C4}.Release|Mixed Platforms.ActiveCfg = Release|Any CPU
		{B9E27493-FEFB-4446-B8C1-D4F2F5FD22C4}.Release|Mixed Platforms.Build.0 = Release|Any CPU
		{B9E27493-FEFB-4446-B8C1-D4F2F5FD22C4}.Release|Win32.ActiveCfg = Release|Any CPU
		{B9E27493-FEFB-4446-B8C1-D4F2F5FD22C4}.Release|Win32.Build.0 = Release|Any CPU
		{B9E27493-FEFB-4446-B8C1-D4F2F5FD22C4}.Release|x64.ActiveCfg = Release|Any CPU
		{B9E27493-FEFB-4446-B8C1-D4F2F5FD22C4}.Release|x64.Build.0 = Release|Any CPU
		{B9E27493-FEFB-4446-B8C1-D4F2F5FD22C4}.Release|x86.ActiveCfg = Release|Any CPU
		{B9E27493-FEFB-4446-B8C1-D4F2F5FD22C4}.Release|x86.Build.0 = Release|Any CPU
		{E6C9CF7C-290B-4A37-B89B-0C7EA869E8D5}.Debug|Any CPU.ActiveCfg = Debug|Any CPU
		{E6C9CF7C-290B-4A37-B89B-0C7EA869E8D5}.Debug|Any CPU.Build.0 = Debug|Any CPU
		{E6C9CF7C-290B-4A37-B89B-0C7EA869E8D5}.Debug|Mixed Platforms.ActiveCfg = Debug|Any CPU
		{E6C9CF7C-290B-4A37-B89B-0C7EA869E8D5}.Debug|Mixed Platforms.Build.0 = Debug|Any CPU
		{E6C9CF7C-290B-4A37-B89B-0C7EA869E8D5}.Debug|Win32.ActiveCfg = Debug|Any CPU
		{E6C9CF7C-290B-4A37-B89B-0C7EA869E8D5}.Debug|Win32.Build.0 = Debug|Any CPU
		{E6C9CF7C-290B-4A37-B89B-0C7EA869E8D5}.Debug|x64.ActiveCfg = Debug|Any CPU
		{E6C9CF7C-290B-4A37-B89B-0C7EA869E8D5}.Debug|x64.Build.0 = Debug|Any CPU
		{E6C9CF7C-290B-4A37-B89B-0C7EA869E8D5}.Debug|x86.ActiveCfg = Debug|Any CPU
		{E6C9CF7C-290B-4A37-B89B-0C7EA869E8D5}.Debug|x86.Build.0 = Debug|Any CPU
		{E6C9CF7C-290B-4A37-B89B-0C7EA869E8D5}.Release|Any CPU.ActiveCfg = Release|Any CPU
		{E6C9CF7C-290B-4A37-B89B-0C7EA869E8D5}.Release|Any CPU.Build.0 = Release|Any CPU
		{E6C9CF7C-290B-4A37-B89B-0C7EA869E8D5}.Release|Mixed Platforms.ActiveCfg = Release|Any CPU
		{E6C9CF7C-290B-4A37-B89B-0C7EA869E8D5}.Release|Mixed Platforms.Build.0 = Release|Any CPU
		{E6C9CF7C-290B-4A37-B89B-0C7EA869E8D5}.Release|Win32.ActiveCfg = Release|Any CPU
		{E6C9CF7C-290B-4A37-B89B-0C7EA869E8D5}.Release|Win32.Build.0 = Release|Any CPU
		{E6C9CF7C-290B-4A37-B89B-0C7EA869E8D5}.Release|x64.ActiveCfg = Release|Any CPU
		{E6C9CF7C-290B-4A37-B89B-0C7EA869E8D5}.Release|x64.Build.0 = Release|Any CPU
		{E6C9CF7C-290B-4A37-B89B-0C7EA869E8D5}.Release|x86.ActiveCfg = Release|Any CPU
		{E6C9CF7C-290B-4A37-B89B-0C7EA869E8D5}.Release|x86.Build.0 = Release|Any CPU
		{9B51FBBE-FEFF-43CF-A978-6878765EACEE}.Debug|Any CPU.ActiveCfg = Debug|Any CPU
		{9B51FBBE-FEFF-43CF-A978-6878765EACEE}.Debug|Any CPU.Build.0 = Debug|Any CPU
		{9B51FBBE-FEFF-43CF-A978-6878765EACEE}.Debug|Mixed Platforms.ActiveCfg = Debug|Any CPU
		{9B51FBBE-FEFF-43CF-A978-6878765EACEE}.Debug|Mixed Platforms.Build.0 = Debug|Any CPU
		{9B51FBBE-FEFF-43CF-A978-6878765EACEE}.Debug|Win32.ActiveCfg = Debug|Any CPU
		{9B51FBBE-FEFF-43CF-A978-6878765EACEE}.Debug|Win32.Build.0 = Debug|Any CPU
		{9B51FBBE-FEFF-43CF-A978-6878765EACEE}.Debug|x64.ActiveCfg = Debug|Any CPU
		{9B51FBBE-FEFF-43CF-A978-6878765EACEE}.Debug|x64.Build.0 = Debug|Any CPU
		{9B51FBBE-FEFF-43CF-A978-6878765EACEE}.Debug|x86.ActiveCfg = Debug|Any CPU
		{9B51FBBE-FEFF-43CF-A978-6878765EACEE}.Debug|x86.Build.0 = Debug|Any CPU
		{9B51FBBE-FEFF-43CF-A978-6878765EACEE}.Release|Any CPU.ActiveCfg = Release|Any CPU
		{9B51FBBE-FEFF-43CF-A978-6878765EACEE}.Release|Any CPU.Build.0 = Release|Any CPU
		{9B51FBBE-FEFF-43CF-A978-6878765EACEE}.Release|Mixed Platforms.ActiveCfg = Release|Any CPU
		{9B51FBBE-FEFF-43CF-A978-6878765EACEE}.Release|Mixed Platforms.Build.0 = Release|Any CPU
		{9B51FBBE-FEFF-43CF-A978-6878765EACEE}.Release|Win32.ActiveCfg = Release|Any CPU
		{9B51FBBE-FEFF-43CF-A978-6878765EACEE}.Release|Win32.Build.0 = Release|Any CPU
		{9B51FBBE-FEFF-43CF-A978-6878765EACEE}.Release|x64.ActiveCfg = Release|Any CPU
		{9B51FBBE-FEFF-43CF-A978-6878765EACEE}.Release|x64.Build.0 = Release|Any CPU
		{9B51FBBE-FEFF-43CF-A978-6878765EACEE}.Release|x86.ActiveCfg = Release|Any CPU
		{9B51FBBE-FEFF-43CF-A978-6878765EACEE}.Release|x86.Build.0 = Release|Any CPU
		{B17B24F3-C95E-4D86-998D-8D15C558EAA9}.Debug|Any CPU.ActiveCfg = Debug|Any CPU
		{B17B24F3-C95E-4D86-998D-8D15C558EAA9}.Debug|Any CPU.Build.0 = Debug|Any CPU
		{B17B24F3-C95E-4D86-998D-8D15C558EAA9}.Debug|Mixed Platforms.ActiveCfg = Debug|Any CPU
		{B17B24F3-C95E-4D86-998D-8D15C558EAA9}.Debug|Mixed Platforms.Build.0 = Debug|Any CPU
		{B17B24F3-C95E-4D86-998D-8D15C558EAA9}.Debug|Win32.ActiveCfg = Debug|Any CPU
		{B17B24F3-C95E-4D86-998D-8D15C558EAA9}.Debug|Win32.Build.0 = Debug|Any CPU
		{B17B24F3-C95E-4D86-998D-8D15C558EAA9}.Debug|x64.ActiveCfg = Debug|Any CPU
		{B17B24F3-C95E-4D86-998D-8D15C558EAA9}.Debug|x64.Build.0 = Debug|Any CPU
		{B17B24F3-C95E-4D86-998D-8D15C558EAA9}.Debug|x86.ActiveCfg = Debug|Any CPU
		{B17B24F3-C95E-4D86-998D-8D15C558EAA9}.Debug|x86.Build.0 = Debug|Any CPU
		{B17B24F3-C95E-4D86-998D-8D15C558EAA9}.Release|Any CPU.ActiveCfg = Release|Any CPU
		{B17B24F3-C95E-4D86-998D-8D15C558EAA9}.Release|Any CPU.Build.0 = Release|Any CPU
		{B17B24F3-C95E-4D86-998D-8D15C558EAA9}.Release|Mixed Platforms.ActiveCfg = Release|Any CPU
		{B17B24F3-C95E-4D86-998D-8D15C558EAA9}.Release|Mixed Platforms.Build.0 = Release|Any CPU
		{B17B24F3-C95E-4D86-998D-8D15C558EAA9}.Release|Win32.ActiveCfg = Release|Any CPU
		{B17B24F3-C95E-4D86-998D-8D15C558EAA9}.Release|Win32.Build.0 = Release|Any CPU
		{B17B24F3-C95E-4D86-998D-8D15C558EAA9}.Release|x64.ActiveCfg = Release|Any CPU
		{B17B24F3-C95E-4D86-998D-8D15C558EAA9}.Release|x64.Build.0 = Release|Any CPU
		{B17B24F3-C95E-4D86-998D-8D15C558EAA9}.Release|x86.ActiveCfg = Release|Any CPU
		{B17B24F3-C95E-4D86-998D-8D15C558EAA9}.Release|x86.Build.0 = Release|Any CPU
		{6129AD39-9550-4A99-B187-A90F0E2C9A15}.Debug|Any CPU.ActiveCfg = Debug|Any CPU
		{6129AD39-9550-4A99-B187-A90F0E2C9A15}.Debug|Any CPU.Build.0 = Debug|Any CPU
		{6129AD39-9550-4A99-B187-A90F0E2C9A15}.Debug|Mixed Platforms.ActiveCfg = Debug|Any CPU
		{6129AD39-9550-4A99-B187-A90F0E2C9A15}.Debug|Mixed Platforms.Build.0 = Debug|Any CPU
		{6129AD39-9550-4A99-B187-A90F0E2C9A15}.Debug|Win32.ActiveCfg = Debug|Any CPU
		{6129AD39-9550-4A99-B187-A90F0E2C9A15}.Debug|Win32.Build.0 = Debug|Any CPU
		{6129AD39-9550-4A99-B187-A90F0E2C9A15}.Debug|x64.ActiveCfg = Debug|Any CPU
		{6129AD39-9550-4A99-B187-A90F0E2C9A15}.Debug|x64.Build.0 = Debug|Any CPU
		{6129AD39-9550-4A99-B187-A90F0E2C9A15}.Debug|x86.ActiveCfg = Debug|Any CPU
		{6129AD39-9550-4A99-B187-A90F0E2C9A15}.Debug|x86.Build.0 = Debug|Any CPU
		{6129AD39-9550-4A99-B187-A90F0E2C9A15}.Release|Any CPU.ActiveCfg = Release|Any CPU
		{6129AD39-9550-4A99-B187-A90F0E2C9A15}.Release|Any CPU.Build.0 = Release|Any CPU
		{6129AD39-9550-4A99-B187-A90F0E2C9A15}.Release|Mixed Platforms.ActiveCfg = Release|Any CPU
		{6129AD39-9550-4A99-B187-A90F0E2C9A15}.Release|Mixed Platforms.Build.0 = Release|Any CPU
		{6129AD39-9550-4A99-B187-A90F0E2C9A15}.Release|Win32.ActiveCfg = Release|Any CPU
		{6129AD39-9550-4A99-B187-A90F0E2C9A15}.Release|Win32.Build.0 = Release|Any CPU
		{6129AD39-9550-4A99-B187-A90F0E2C9A15}.Release|x64.ActiveCfg = Release|Any CPU
		{6129AD39-9550-4A99-B187-A90F0E2C9A15}.Release|x64.Build.0 = Release|Any CPU
		{6129AD39-9550-4A99-B187-A90F0E2C9A15}.Release|x86.ActiveCfg = Release|Any CPU
		{6129AD39-9550-4A99-B187-A90F0E2C9A15}.Release|x86.Build.0 = Release|Any CPU
		{CEA34005-E1C1-435A-B3EB-F3F474E640F7}.Debug|Any CPU.ActiveCfg = Debug|Win32
		{CEA34005-E1C1-435A-B3EB-F3F474E640F7}.Debug|Mixed Platforms.ActiveCfg = Debug|Win32
		{CEA34005-E1C1-435A-B3EB-F3F474E640F7}.Debug|Mixed Platforms.Build.0 = Debug|Win32
		{CEA34005-E1C1-435A-B3EB-F3F474E640F7}.Debug|Win32.ActiveCfg = Debug|Win32
		{CEA34005-E1C1-435A-B3EB-F3F474E640F7}.Debug|Win32.Build.0 = Debug|Win32
		{CEA34005-E1C1-435A-B3EB-F3F474E640F7}.Debug|x64.ActiveCfg = Debug|Win32
		{CEA34005-E1C1-435A-B3EB-F3F474E640F7}.Debug|x86.ActiveCfg = Debug|Win32
		{CEA34005-E1C1-435A-B3EB-F3F474E640F7}.Debug|x86.Build.0 = Debug|Win32
		{CEA34005-E1C1-435A-B3EB-F3F474E640F7}.Release|Any CPU.ActiveCfg = Release|Win32
		{CEA34005-E1C1-435A-B3EB-F3F474E640F7}.Release|Mixed Platforms.ActiveCfg = Release|Win32
		{CEA34005-E1C1-435A-B3EB-F3F474E640F7}.Release|Mixed Platforms.Build.0 = Release|Win32
		{CEA34005-E1C1-435A-B3EB-F3F474E640F7}.Release|Win32.ActiveCfg = Release|Win32
		{CEA34005-E1C1-435A-B3EB-F3F474E640F7}.Release|Win32.Build.0 = Release|Win32
		{CEA34005-E1C1-435A-B3EB-F3F474E640F7}.Release|x64.ActiveCfg = Release|Win32
		{CEA34005-E1C1-435A-B3EB-F3F474E640F7}.Release|x86.ActiveCfg = Release|Win32
		{CEA34005-E1C1-435A-B3EB-F3F474E640F7}.Release|x86.Build.0 = Release|Win32
		{95592EB9-98BF-45E8-8033-3FC709BA1D6B}.Debug|Any CPU.ActiveCfg = Debug|Win32
		{95592EB9-98BF-45E8-8033-3FC709BA1D6B}.Debug|Mixed Platforms.ActiveCfg = Debug|Win32
		{95592EB9-98BF-45E8-8033-3FC709BA1D6B}.Debug|Mixed Platforms.Build.0 = Debug|Win32
		{95592EB9-98BF-45E8-8033-3FC709BA1D6B}.Debug|Win32.ActiveCfg = Debug|Win32
		{95592EB9-98BF-45E8-8033-3FC709BA1D6B}.Debug|Win32.Build.0 = Debug|Win32
		{95592EB9-98BF-45E8-8033-3FC709BA1D6B}.Debug|x64.ActiveCfg = Debug|Win32
		{95592EB9-98BF-45E8-8033-3FC709BA1D6B}.Debug|x86.ActiveCfg = Debug|Win32
		{95592EB9-98BF-45E8-8033-3FC709BA1D6B}.Debug|x86.Build.0 = Debug|Win32
		{95592EB9-98BF-45E8-8033-3FC709BA1D6B}.Release|Any CPU.ActiveCfg = Release|Win32
		{95592EB9-98BF-45E8-8033-3FC709BA1D6B}.Release|Mixed Platforms.ActiveCfg = Release|Win32
		{95592EB9-98BF-45E8-8033-3FC709BA1D6B}.Release|Mixed Platforms.Build.0 = Release|Win32
		{95592EB9-98BF-45E8-8033-3FC709BA1D6B}.Release|Win32.ActiveCfg = Release|Win32
		{95592EB9-98BF-45E8-8033-3FC709BA1D6B}.Release|Win32.Build.0 = Release|Win32
		{95592EB9-98BF-45E8-8033-3FC709BA1D6B}.Release|x64.ActiveCfg = Release|Win32
		{95592EB9-98BF-45E8-8033-3FC709BA1D6B}.Release|x86.ActiveCfg = Release|Win32
		{95592EB9-98BF-45E8-8033-3FC709BA1D6B}.Release|x86.Build.0 = Release|Win32
		{E0252C4E-C3F4-4586-BF20-5844A2B8DCCA}.Debug|Any CPU.ActiveCfg = Debug|Win32
		{E0252C4E-C3F4-4586-BF20-5844A2B8DCCA}.Debug|Mixed Platforms.ActiveCfg = Debug|Win32
		{E0252C4E-C3F4-4586-BF20-5844A2B8DCCA}.Debug|Mixed Platforms.Build.0 = Debug|Win32
		{E0252C4E-C3F4-4586-BF20-5844A2B8DCCA}.Debug|Win32.ActiveCfg = Debug|Win32
		{E0252C4E-C3F4-4586-BF20-5844A2B8DCCA}.Debug|Win32.Build.0 = Debug|Win32
		{E0252C4E-C3F4-4586-BF20-5844A2B8DCCA}.Debug|x64.ActiveCfg = Debug|Win32
		{E0252C4E-C3F4-4586-BF20-5844A2B8DCCA}.Debug|x86.ActiveCfg = Debug|Win32
		{E0252C4E-C3F4-4586-BF20-5844A2B8DCCA}.Debug|x86.Build.0 = Debug|Win32
		{E0252C4E-C3F4-4586-BF20-5844A2B8DCCA}.Release|Any CPU.ActiveCfg = Release|Win32
		{E0252C4E-C3F4-4586-BF20-5844A2B8DCCA}.Release|Mixed Platforms.ActiveCfg = Release|Win32
		{E0252C4E-C3F4-4586-BF20-5844A2B8DCCA}.Release|Mixed Platforms.Build.0 = Release|Win32
		{E0252C4E-C3F4-4586-BF20-5844A2B8DCCA}.Release|Win32.ActiveCfg = Release|Win32
		{E0252C4E-C3F4-4586-BF20-5844A2B8DCCA}.Release|Win32.Build.0 = Release|Win32
		{E0252C4E-C3F4-4586-BF20-5844A2B8DCCA}.Release|x64.ActiveCfg = Release|Win32
		{E0252C4E-C3F4-4586-BF20-5844A2B8DCCA}.Release|x86.ActiveCfg = Release|Win32
		{E0252C4E-C3F4-4586-BF20-5844A2B8DCCA}.Release|x86.Build.0 = Release|Win32
		{AD5733BD-84F0-4462-9BBB-193059F1C617}.Debug|Any CPU.ActiveCfg = Debug|Win32
		{AD5733BD-84F0-4462-9BBB-193059F1C617}.Debug|Mixed Platforms.ActiveCfg = Debug|Win32
		{AD5733BD-84F0-4462-9BBB-193059F1C617}.Debug|Mixed Platforms.Build.0 = Debug|Win32
		{AD5733BD-84F0-4462-9BBB-193059F1C617}.Debug|Win32.ActiveCfg = Debug|Win32
		{AD5733BD-84F0-4462-9BBB-193059F1C617}.Debug|Win32.Build.0 = Debug|Win32
		{AD5733BD-84F0-4462-9BBB-193059F1C617}.Debug|x64.ActiveCfg = Debug|Win32
		{AD5733BD-84F0-4462-9BBB-193059F1C617}.Debug|x86.ActiveCfg = Debug|Win32
		{AD5733BD-84F0-4462-9BBB-193059F1C617}.Debug|x86.Build.0 = Debug|Win32
		{AD5733BD-84F0-4462-9BBB-193059F1C617}.Release|Any CPU.ActiveCfg = Release|Win32
		{AD5733BD-84F0-4462-9BBB-193059F1C617}.Release|Mixed Platforms.ActiveCfg = Release|Win32
		{AD5733BD-84F0-4462-9BBB-193059F1C617}.Release|Mixed Platforms.Build.0 = Release|Win32
		{AD5733BD-84F0-4462-9BBB-193059F1C617}.Release|Win32.ActiveCfg = Release|Win32
		{AD5733BD-84F0-4462-9BBB-193059F1C617}.Release|Win32.Build.0 = Release|Win32
		{AD5733BD-84F0-4462-9BBB-193059F1C617}.Release|x64.ActiveCfg = Release|Win32
		{AD5733BD-84F0-4462-9BBB-193059F1C617}.Release|x86.ActiveCfg = Release|Win32
		{AD5733BD-84F0-4462-9BBB-193059F1C617}.Release|x86.Build.0 = Release|Win32
		{93B730BB-E55B-4CE2-819C-C4172CF24C22}.Debug|Any CPU.ActiveCfg = Debug|Win32
		{93B730BB-E55B-4CE2-819C-C4172CF24C22}.Debug|Mixed Platforms.ActiveCfg = Debug|Win32
		{93B730BB-E55B-4CE2-819C-C4172CF24C22}.Debug|Mixed Platforms.Build.0 = Debug|Win32
		{93B730BB-E55B-4CE2-819C-C4172CF24C22}.Debug|Win32.ActiveCfg = Debug|Win32
		{93B730BB-E55B-4CE2-819C-C4172CF24C22}.Debug|Win32.Build.0 = Debug|Win32
		{93B730BB-E55B-4CE2-819C-C4172CF24C22}.Debug|x64.ActiveCfg = Debug|Win32
		{93B730BB-E55B-4CE2-819C-C4172CF24C22}.Debug|x86.ActiveCfg = Debug|Win32
		{93B730BB-E55B-4CE2-819C-C4172CF24C22}.Debug|x86.Build.0 = Debug|Win32
		{93B730BB-E55B-4CE2-819C-C4172CF24C22}.Release|Any CPU.ActiveCfg = Release|Win32
		{93B730BB-E55B-4CE2-819C-C4172CF24C22}.Release|Mixed Platforms.ActiveCfg = Release|Win32
		{93B730BB-E55B-4CE2-819C-C4172CF24C22}.Release|Mixed Platforms.Build.0 = Release|Win32
		{93B730BB-E55B-4CE2-819C-C4172CF24C22}.Release|Win32.ActiveCfg = Release|Win32
		{93B730BB-E55B-4CE2-819C-C4172CF24C22}.Release|Win32.Build.0 = Release|Win32
		{93B730BB-E55B-4CE2-819C-C4172CF24C22}.Release|x64.ActiveCfg = Release|Win32
		{93B730BB-E55B-4CE2-819C-C4172CF24C22}.Release|x86.ActiveCfg = Release|Win32
		{93B730BB-E55B-4CE2-819C-C4172CF24C22}.Release|x86.Build.0 = Release|Win32
		{DC37359E-1F8C-49E8-8857-EC19B4B992BB}.Debug|Any CPU.ActiveCfg = Debug|Win32
		{DC37359E-1F8C-49E8-8857-EC19B4B992BB}.Debug|Mixed Platforms.ActiveCfg = Debug|Win32
		{DC37359E-1F8C-49E8-8857-EC19B4B992BB}.Debug|Mixed Platforms.Build.0 = Debug|Win32
		{DC37359E-1F8C-49E8-8857-EC19B4B992BB}.Debug|Win32.ActiveCfg = Debug|Win32
		{DC37359E-1F8C-49E8-8857-EC19B4B992BB}.Debug|Win32.Build.0 = Debug|Win32
		{DC37359E-1F8C-49E8-8857-EC19B4B992BB}.Debug|x64.ActiveCfg = Debug|Win32
		{DC37359E-1F8C-49E8-8857-EC19B4B992BB}.Debug|x86.ActiveCfg = Debug|Win32
		{DC37359E-1F8C-49E8-8857-EC19B4B992BB}.Debug|x86.Build.0 = Debug|Win32
		{DC37359E-1F8C-49E8-8857-EC19B4B992BB}.Release|Any CPU.ActiveCfg = Release|Win32
		{DC37359E-1F8C-49E8-8857-EC19B4B992BB}.Release|Mixed Platforms.ActiveCfg = Release|Win32
		{DC37359E-1F8C-49E8-8857-EC19B4B992BB}.Release|Mixed Platforms.Build.0 = Release|Win32
		{DC37359E-1F8C-49E8-8857-EC19B4B992BB}.Release|Win32.ActiveCfg = Release|Win32
		{DC37359E-1F8C-49E8-8857-EC19B4B992BB}.Release|Win32.Build.0 = Release|Win32
		{DC37359E-1F8C-49E8-8857-EC19B4B992BB}.Release|x64.ActiveCfg = Release|Win32
		{DC37359E-1F8C-49E8-8857-EC19B4B992BB}.Release|x86.ActiveCfg = Release|Win32
		{DC37359E-1F8C-49E8-8857-EC19B4B992BB}.Release|x86.Build.0 = Release|Win32
		{513FBFD0-969D-4228-85E2-2F8C45E250F3}.Debug|Any CPU.ActiveCfg = Debug|Any CPU
		{513FBFD0-969D-4228-85E2-2F8C45E250F3}.Debug|Any CPU.Build.0 = Debug|Any CPU
		{513FBFD0-969D-4228-85E2-2F8C45E250F3}.Debug|Mixed Platforms.ActiveCfg = Debug|Any CPU
		{513FBFD0-969D-4228-85E2-2F8C45E250F3}.Debug|Mixed Platforms.Build.0 = Debug|Any CPU
		{513FBFD0-969D-4228-85E2-2F8C45E250F3}.Debug|Win32.ActiveCfg = Debug|Any CPU
		{513FBFD0-969D-4228-85E2-2F8C45E250F3}.Debug|Win32.Build.0 = Debug|Any CPU
		{513FBFD0-969D-4228-85E2-2F8C45E250F3}.Debug|x64.ActiveCfg = Debug|Any CPU
		{513FBFD0-969D-4228-85E2-2F8C45E250F3}.Debug|x64.Build.0 = Debug|Any CPU
		{513FBFD0-969D-4228-85E2-2F8C45E250F3}.Debug|x86.ActiveCfg = Debug|Any CPU
		{513FBFD0-969D-4228-85E2-2F8C45E250F3}.Debug|x86.Build.0 = Debug|Any CPU
		{513FBFD0-969D-4228-85E2-2F8C45E250F3}.Release|Any CPU.ActiveCfg = Release|Any CPU
		{513FBFD0-969D-4228-85E2-2F8C45E250F3}.Release|Any CPU.Build.0 = Release|Any CPU
		{513FBFD0-969D-4228-85E2-2F8C45E250F3}.Release|Mixed Platforms.ActiveCfg = Release|Any CPU
		{513FBFD0-969D-4228-85E2-2F8C45E250F3}.Release|Mixed Platforms.Build.0 = Release|Any CPU
		{513FBFD0-969D-4228-85E2-2F8C45E250F3}.Release|Win32.ActiveCfg = Release|Any CPU
		{513FBFD0-969D-4228-85E2-2F8C45E250F3}.Release|Win32.Build.0 = Release|Any CPU
		{513FBFD0-969D-4228-85E2-2F8C45E250F3}.Release|x64.ActiveCfg = Release|Any CPU
		{513FBFD0-969D-4228-85E2-2F8C45E250F3}.Release|x64.Build.0 = Release|Any CPU
		{513FBFD0-969D-4228-85E2-2F8C45E250F3}.Release|x86.ActiveCfg = Release|Any CPU
		{513FBFD0-969D-4228-85E2-2F8C45E250F3}.Release|x86.Build.0 = Release|Any CPU
		{7B66F38D-509C-457B-9737-0DCC7AB9089E}.Debug|Any CPU.ActiveCfg = Debug|Win32
		{7B66F38D-509C-457B-9737-0DCC7AB9089E}.Debug|Mixed Platforms.ActiveCfg = Debug|Win32
		{7B66F38D-509C-457B-9737-0DCC7AB9089E}.Debug|Mixed Platforms.Build.0 = Debug|Win32
		{7B66F38D-509C-457B-9737-0DCC7AB9089E}.Debug|Win32.ActiveCfg = Debug|Win32
		{7B66F38D-509C-457B-9737-0DCC7AB9089E}.Debug|Win32.Build.0 = Debug|Win32
		{7B66F38D-509C-457B-9737-0DCC7AB9089E}.Debug|x64.ActiveCfg = Debug|x64
		{7B66F38D-509C-457B-9737-0DCC7AB9089E}.Debug|x64.Build.0 = Debug|x64
		{7B66F38D-509C-457B-9737-0DCC7AB9089E}.Debug|x86.ActiveCfg = Debug|Win32
		{7B66F38D-509C-457B-9737-0DCC7AB9089E}.Debug|x86.Build.0 = Debug|Win32
		{7B66F38D-509C-457B-9737-0DCC7AB9089E}.Release|Any CPU.ActiveCfg = Release|Win32
		{7B66F38D-509C-457B-9737-0DCC7AB9089E}.Release|Mixed Platforms.ActiveCfg = Release|Win32
		{7B66F38D-509C-457B-9737-0DCC7AB9089E}.Release|Mixed Platforms.Build.0 = Release|Win32
		{7B66F38D-509C-457B-9737-0DCC7AB9089E}.Release|Win32.ActiveCfg = Release|Win32
		{7B66F38D-509C-457B-9737-0DCC7AB9089E}.Release|Win32.Build.0 = Release|Win32
		{7B66F38D-509C-457B-9737-0DCC7AB9089E}.Release|x64.ActiveCfg = Release|x64
		{7B66F38D-509C-457B-9737-0DCC7AB9089E}.Release|x64.Build.0 = Release|x64
		{7B66F38D-509C-457B-9737-0DCC7AB9089E}.Release|x86.ActiveCfg = Release|Win32
		{7B66F38D-509C-457B-9737-0DCC7AB9089E}.Release|x86.Build.0 = Release|Win32
		{F81BA6F8-5B32-45FA-B547-23CF1C1EF72F}.Debug|Any CPU.ActiveCfg = Debug|Win32
		{F81BA6F8-5B32-45FA-B547-23CF1C1EF72F}.Debug|Mixed Platforms.ActiveCfg = Debug|Win32
		{F81BA6F8-5B32-45FA-B547-23CF1C1EF72F}.Debug|Mixed Platforms.Build.0 = Debug|Win32
		{F81BA6F8-5B32-45FA-B547-23CF1C1EF72F}.Debug|Win32.ActiveCfg = Debug|Win32
		{F81BA6F8-5B32-45FA-B547-23CF1C1EF72F}.Debug|Win32.Build.0 = Debug|Win32
		{F81BA6F8-5B32-45FA-B547-23CF1C1EF72F}.Debug|x64.ActiveCfg = Debug|x64
		{F81BA6F8-5B32-45FA-B547-23CF1C1EF72F}.Debug|x64.Build.0 = Debug|x64
		{F81BA6F8-5B32-45FA-B547-23CF1C1EF72F}.Debug|x86.ActiveCfg = Debug|Win32
		{F81BA6F8-5B32-45FA-B547-23CF1C1EF72F}.Debug|x86.Build.0 = Debug|Win32
		{F81BA6F8-5B32-45FA-B547-23CF1C1EF72F}.Release|Any CPU.ActiveCfg = Release|Win32
		{F81BA6F8-5B32-45FA-B547-23CF1C1EF72F}.Release|Mixed Platforms.ActiveCfg = Release|Win32
		{F81BA6F8-5B32-45FA-B547-23CF1C1EF72F}.Release|Mixed Platforms.Build.0 = Release|Win32
		{F81BA6F8-5B32-45FA-B547-23CF1C1EF72F}.Release|Win32.ActiveCfg = Release|Win32
		{F81BA6F8-5B32-45FA-B547-23CF1C1EF72F}.Release|Win32.Build.0 = Release|Win32
		{F81BA6F8-5B32-45FA-B547-23CF1C1EF72F}.Release|x64.ActiveCfg = Release|x64
		{F81BA6F8-5B32-45FA-B547-23CF1C1EF72F}.Release|x64.Build.0 = Release|x64
		{F81BA6F8-5B32-45FA-B547-23CF1C1EF72F}.Release|x86.ActiveCfg = Release|Win32
		{F81BA6F8-5B32-45FA-B547-23CF1C1EF72F}.Release|x86.Build.0 = Release|Win32
		{BB7EE296-5DC4-430C-A6D2-13EB6FBD5ACD}.Debug|Any CPU.ActiveCfg = Debug|Win32
		{BB7EE296-5DC4-430C-A6D2-13EB6FBD5ACD}.Debug|Mixed Platforms.ActiveCfg = Debug|Win32
		{BB7EE296-5DC4-430C-A6D2-13EB6FBD5ACD}.Debug|Mixed Platforms.Build.0 = Debug|Win32
		{BB7EE296-5DC4-430C-A6D2-13EB6FBD5ACD}.Debug|Win32.ActiveCfg = Debug|Win32
		{BB7EE296-5DC4-430C-A6D2-13EB6FBD5ACD}.Debug|Win32.Build.0 = Debug|Win32
		{BB7EE296-5DC4-430C-A6D2-13EB6FBD5ACD}.Debug|x64.ActiveCfg = Debug|x64
		{BB7EE296-5DC4-430C-A6D2-13EB6FBD5ACD}.Debug|x64.Build.0 = Debug|x64
		{BB7EE296-5DC4-430C-A6D2-13EB6FBD5ACD}.Debug|x86.ActiveCfg = Debug|Win32
		{BB7EE296-5DC4-430C-A6D2-13EB6FBD5ACD}.Debug|x86.Build.0 = Debug|Win32
		{BB7EE296-5DC4-430C-A6D2-13EB6FBD5ACD}.Release|Any CPU.ActiveCfg = Release|Win32
		{BB7EE296-5DC4-430C-A6D2-13EB6FBD5ACD}.Release|Mixed Platforms.ActiveCfg = Release|Win32
		{BB7EE296-5DC4-430C-A6D2-13EB6FBD5ACD}.Release|Mixed Platforms.Build.0 = Release|Win32
		{BB7EE296-5DC4-430C-A6D2-13EB6FBD5ACD}.Release|Win32.ActiveCfg = Release|Win32
		{BB7EE296-5DC4-430C-A6D2-13EB6FBD5ACD}.Release|Win32.Build.0 = Release|Win32
		{BB7EE296-5DC4-430C-A6D2-13EB6FBD5ACD}.Release|x64.ActiveCfg = Release|x64
		{BB7EE296-5DC4-430C-A6D2-13EB6FBD5ACD}.Release|x64.Build.0 = Release|x64
		{BB7EE296-5DC4-430C-A6D2-13EB6FBD5ACD}.Release|x86.ActiveCfg = Release|Win32
		{BB7EE296-5DC4-430C-A6D2-13EB6FBD5ACD}.Release|x86.Build.0 = Release|Win32
		{CFF7BC10-E9BF-4848-A5E9-DA2EFFFB98AD}.Debug|Any CPU.ActiveCfg = Debug|Win32
		{CFF7BC10-E9BF-4848-A5E9-DA2EFFFB98AD}.Debug|Mixed Platforms.ActiveCfg = Debug|Win32
		{CFF7BC10-E9BF-4848-A5E9-DA2EFFFB98AD}.Debug|Mixed Platforms.Build.0 = Debug|Win32
		{CFF7BC10-E9BF-4848-A5E9-DA2EFFFB98AD}.Debug|Win32.ActiveCfg = Debug|Win32
		{CFF7BC10-E9BF-4848-A5E9-DA2EFFFB98AD}.Debug|Win32.Build.0 = Debug|Win32
		{CFF7BC10-E9BF-4848-A5E9-DA2EFFFB98AD}.Debug|x64.ActiveCfg = Debug|x64
		{CFF7BC10-E9BF-4848-A5E9-DA2EFFFB98AD}.Debug|x64.Build.0 = Debug|x64
		{CFF7BC10-E9BF-4848-A5E9-DA2EFFFB98AD}.Debug|x86.ActiveCfg = Debug|Win32
		{CFF7BC10-E9BF-4848-A5E9-DA2EFFFB98AD}.Debug|x86.Build.0 = Debug|Win32
		{CFF7BC10-E9BF-4848-A5E9-DA2EFFFB98AD}.Release|Any CPU.ActiveCfg = Release|Win32
		{CFF7BC10-E9BF-4848-A5E9-DA2EFFFB98AD}.Release|Mixed Platforms.ActiveCfg = Release|Win32
		{CFF7BC10-E9BF-4848-A5E9-DA2EFFFB98AD}.Release|Mixed Platforms.Build.0 = Release|Win32
		{CFF7BC10-E9BF-4848-A5E9-DA2EFFFB98AD}.Release|Win32.ActiveCfg = Release|Win32
		{CFF7BC10-E9BF-4848-A5E9-DA2EFFFB98AD}.Release|Win32.Build.0 = Release|Win32
		{CFF7BC10-E9BF-4848-A5E9-DA2EFFFB98AD}.Release|x64.ActiveCfg = Release|x64
		{CFF7BC10-E9BF-4848-A5E9-DA2EFFFB98AD}.Release|x64.Build.0 = Release|x64
		{CFF7BC10-E9BF-4848-A5E9-DA2EFFFB98AD}.Release|x86.ActiveCfg = Release|Win32
		{CFF7BC10-E9BF-4848-A5E9-DA2EFFFB98AD}.Release|x86.Build.0 = Release|Win32
		{32BC073F-DD87-451B-85E1-888125C6964D}.Debug|Any CPU.ActiveCfg = Debug|Win32
		{32BC073F-DD87-451B-85E1-888125C6964D}.Debug|Mixed Platforms.ActiveCfg = Debug|Win32
		{32BC073F-DD87-451B-85E1-888125C6964D}.Debug|Mixed Platforms.Build.0 = Debug|Win32
		{32BC073F-DD87-451B-85E1-888125C6964D}.Debug|Win32.ActiveCfg = Debug|Win32
		{32BC073F-DD87-451B-85E1-888125C6964D}.Debug|Win32.Build.0 = Debug|Win32
		{32BC073F-DD87-451B-85E1-888125C6964D}.Debug|x64.ActiveCfg = Debug|x64
		{32BC073F-DD87-451B-85E1-888125C6964D}.Debug|x64.Build.0 = Debug|x64
		{32BC073F-DD87-451B-85E1-888125C6964D}.Debug|x86.ActiveCfg = Debug|Win32
		{32BC073F-DD87-451B-85E1-888125C6964D}.Debug|x86.Build.0 = Debug|Win32
		{32BC073F-DD87-451B-85E1-888125C6964D}.Release|Any CPU.ActiveCfg = Release|Win32
		{32BC073F-DD87-451B-85E1-888125C6964D}.Release|Mixed Platforms.ActiveCfg = Release|Win32
		{32BC073F-DD87-451B-85E1-888125C6964D}.Release|Mixed Platforms.Build.0 = Release|Win32
		{32BC073F-DD87-451B-85E1-888125C6964D}.Release|Win32.ActiveCfg = Release|Win32
		{32BC073F-DD87-451B-85E1-888125C6964D}.Release|Win32.Build.0 = Release|Win32
		{32BC073F-DD87-451B-85E1-888125C6964D}.Release|x64.ActiveCfg = Release|x64
		{32BC073F-DD87-451B-85E1-888125C6964D}.Release|x64.Build.0 = Release|x64
		{32BC073F-DD87-451B-85E1-888125C6964D}.Release|x86.ActiveCfg = Release|Win32
		{32BC073F-DD87-451B-85E1-888125C6964D}.Release|x86.Build.0 = Release|Win32
		{9EFB26B2-849A-4303-9AB0-CFA1377AEEDA}.Debug|Any CPU.ActiveCfg = Debug|Any CPU
		{9EFB26B2-849A-4303-9AB0-CFA1377AEEDA}.Debug|Any CPU.Build.0 = Debug|Any CPU
		{9EFB26B2-849A-4303-9AB0-CFA1377AEEDA}.Debug|Mixed Platforms.ActiveCfg = Debug|Any CPU
		{9EFB26B2-849A-4303-9AB0-CFA1377AEEDA}.Debug|Mixed Platforms.Build.0 = Debug|Any CPU
		{9EFB26B2-849A-4303-9AB0-CFA1377AEEDA}.Debug|Win32.ActiveCfg = Debug|Any CPU
		{9EFB26B2-849A-4303-9AB0-CFA1377AEEDA}.Debug|Win32.Build.0 = Debug|Any CPU
		{9EFB26B2-849A-4303-9AB0-CFA1377AEEDA}.Debug|x64.ActiveCfg = Debug|Any CPU
		{9EFB26B2-849A-4303-9AB0-CFA1377AEEDA}.Debug|x64.Build.0 = Debug|Any CPU
		{9EFB26B2-849A-4303-9AB0-CFA1377AEEDA}.Debug|x86.ActiveCfg = Debug|Any CPU
		{9EFB26B2-849A-4303-9AB0-CFA1377AEEDA}.Debug|x86.Build.0 = Debug|Any CPU
		{9EFB26B2-849A-4303-9AB0-CFA1377AEEDA}.Release|Any CPU.ActiveCfg = Release|Any CPU
		{9EFB26B2-849A-4303-9AB0-CFA1377AEEDA}.Release|Any CPU.Build.0 = Release|Any CPU
		{9EFB26B2-849A-4303-9AB0-CFA1377AEEDA}.Release|Mixed Platforms.ActiveCfg = Release|Any CPU
		{9EFB26B2-849A-4303-9AB0-CFA1377AEEDA}.Release|Mixed Platforms.Build.0 = Release|Any CPU
		{9EFB26B2-849A-4303-9AB0-CFA1377AEEDA}.Release|Win32.ActiveCfg = Release|Any CPU
		{9EFB26B2-849A-4303-9AB0-CFA1377AEEDA}.Release|Win32.Build.0 = Release|Any CPU
		{9EFB26B2-849A-4303-9AB0-CFA1377AEEDA}.Release|x64.ActiveCfg = Release|Any CPU
		{9EFB26B2-849A-4303-9AB0-CFA1377AEEDA}.Release|x64.Build.0 = Release|Any CPU
		{9EFB26B2-849A-4303-9AB0-CFA1377AEEDA}.Release|x86.ActiveCfg = Release|Any CPU
		{9EFB26B2-849A-4303-9AB0-CFA1377AEEDA}.Release|x86.Build.0 = Release|Any CPU
		{906E29A5-8E4F-4CF8-BB8A-140F9A422E59}.Debug|Any CPU.ActiveCfg = Debug|Any CPU
		{906E29A5-8E4F-4CF8-BB8A-140F9A422E59}.Debug|Any CPU.Build.0 = Debug|Any CPU
		{906E29A5-8E4F-4CF8-BB8A-140F9A422E59}.Debug|Mixed Platforms.ActiveCfg = Debug|Any CPU
		{906E29A5-8E4F-4CF8-BB8A-140F9A422E59}.Debug|Mixed Platforms.Build.0 = Debug|Any CPU
		{906E29A5-8E4F-4CF8-BB8A-140F9A422E59}.Debug|Win32.ActiveCfg = Debug|Any CPU
		{906E29A5-8E4F-4CF8-BB8A-140F9A422E59}.Debug|Win32.Build.0 = Debug|Any CPU
		{906E29A5-8E4F-4CF8-BB8A-140F9A422E59}.Debug|x64.ActiveCfg = Debug|Any CPU
		{906E29A5-8E4F-4CF8-BB8A-140F9A422E59}.Debug|x64.Build.0 = Debug|Any CPU
		{906E29A5-8E4F-4CF8-BB8A-140F9A422E59}.Debug|x86.ActiveCfg = Debug|Any CPU
		{906E29A5-8E4F-4CF8-BB8A-140F9A422E59}.Debug|x86.Build.0 = Debug|Any CPU
		{906E29A5-8E4F-4CF8-BB8A-140F9A422E59}.Release|Any CPU.ActiveCfg = Release|Any CPU
		{906E29A5-8E4F-4CF8-BB8A-140F9A422E59}.Release|Any CPU.Build.0 = Release|Any CPU
		{906E29A5-8E4F-4CF8-BB8A-140F9A422E59}.Release|Mixed Platforms.ActiveCfg = Release|Any CPU
		{906E29A5-8E4F-4CF8-BB8A-140F9A422E59}.Release|Mixed Platforms.Build.0 = Release|Any CPU
		{906E29A5-8E4F-4CF8-BB8A-140F9A422E59}.Release|Win32.ActiveCfg = Release|Any CPU
		{906E29A5-8E4F-4CF8-BB8A-140F9A422E59}.Release|Win32.Build.0 = Release|Any CPU
		{906E29A5-8E4F-4CF8-BB8A-140F9A422E59}.Release|x64.ActiveCfg = Release|Any CPU
		{906E29A5-8E4F-4CF8-BB8A-140F9A422E59}.Release|x64.Build.0 = Release|Any CPU
		{906E29A5-8E4F-4CF8-BB8A-140F9A422E59}.Release|x86.ActiveCfg = Release|Any CPU
		{906E29A5-8E4F-4CF8-BB8A-140F9A422E59}.Release|x86.Build.0 = Release|Any CPU
		{0C0B69DD-F7EC-43D2-8C4C-010CD4830108}.Debug|Any CPU.ActiveCfg = Debug|Any CPU
		{0C0B69DD-F7EC-43D2-8C4C-010CD4830108}.Debug|Any CPU.Build.0 = Debug|Any CPU
		{0C0B69DD-F7EC-43D2-8C4C-010CD4830108}.Debug|Mixed Platforms.ActiveCfg = Debug|Any CPU
		{0C0B69DD-F7EC-43D2-8C4C-010CD4830108}.Debug|Mixed Platforms.Build.0 = Debug|Any CPU
		{0C0B69DD-F7EC-43D2-8C4C-010CD4830108}.Debug|Win32.ActiveCfg = Debug|Any CPU
		{0C0B69DD-F7EC-43D2-8C4C-010CD4830108}.Debug|Win32.Build.0 = Debug|Any CPU
		{0C0B69DD-F7EC-43D2-8C4C-010CD4830108}.Debug|x64.ActiveCfg = Debug|Any CPU
		{0C0B69DD-F7EC-43D2-8C4C-010CD4830108}.Debug|x64.Build.0 = Debug|Any CPU
		{0C0B69DD-F7EC-43D2-8C4C-010CD4830108}.Debug|x86.ActiveCfg = Debug|Any CPU
		{0C0B69DD-F7EC-43D2-8C4C-010CD4830108}.Debug|x86.Build.0 = Debug|Any CPU
		{0C0B69DD-F7EC-43D2-8C4C-010CD4830108}.Release|Any CPU.ActiveCfg = Release|Any CPU
		{0C0B69DD-F7EC-43D2-8C4C-010CD4830108}.Release|Any CPU.Build.0 = Release|Any CPU
		{0C0B69DD-F7EC-43D2-8C4C-010CD4830108}.Release|Mixed Platforms.ActiveCfg = Release|Any CPU
		{0C0B69DD-F7EC-43D2-8C4C-010CD4830108}.Release|Mixed Platforms.Build.0 = Release|Any CPU
		{0C0B69DD-F7EC-43D2-8C4C-010CD4830108}.Release|Win32.ActiveCfg = Release|Any CPU
		{0C0B69DD-F7EC-43D2-8C4C-010CD4830108}.Release|Win32.Build.0 = Release|Any CPU
		{0C0B69DD-F7EC-43D2-8C4C-010CD4830108}.Release|x64.ActiveCfg = Release|Any CPU
		{0C0B69DD-F7EC-43D2-8C4C-010CD4830108}.Release|x64.Build.0 = Release|Any CPU
		{0C0B69DD-F7EC-43D2-8C4C-010CD4830108}.Release|x86.ActiveCfg = Release|Any CPU
		{0C0B69DD-F7EC-43D2-8C4C-010CD4830108}.Release|x86.Build.0 = Release|Any CPU
		{B9A0CB2B-2017-4321-8FBC-D63082E277D8}.Debug|Any CPU.ActiveCfg = Debug|Any CPU
		{B9A0CB2B-2017-4321-8FBC-D63082E277D8}.Debug|Any CPU.Build.0 = Debug|Any CPU
		{B9A0CB2B-2017-4321-8FBC-D63082E277D8}.Debug|Mixed Platforms.ActiveCfg = Debug|Any CPU
		{B9A0CB2B-2017-4321-8FBC-D63082E277D8}.Debug|Mixed Platforms.Build.0 = Debug|Any CPU
		{B9A0CB2B-2017-4321-8FBC-D63082E277D8}.Debug|Win32.ActiveCfg = Debug|Any CPU
		{B9A0CB2B-2017-4321-8FBC-D63082E277D8}.Debug|Win32.Build.0 = Debug|Any CPU
		{B9A0CB2B-2017-4321-8FBC-D63082E277D8}.Debug|x64.ActiveCfg = Debug|Any CPU
		{B9A0CB2B-2017-4321-8FBC-D63082E277D8}.Debug|x64.Build.0 = Debug|Any CPU
		{B9A0CB2B-2017-4321-8FBC-D63082E277D8}.Debug|x86.ActiveCfg = Debug|Any CPU
		{B9A0CB2B-2017-4321-8FBC-D63082E277D8}.Debug|x86.Build.0 = Debug|Any CPU
		{B9A0CB2B-2017-4321-8FBC-D63082E277D8}.Release|Any CPU.ActiveCfg = Release|Any CPU
		{B9A0CB2B-2017-4321-8FBC-D63082E277D8}.Release|Any CPU.Build.0 = Release|Any CPU
		{B9A0CB2B-2017-4321-8FBC-D63082E277D8}.Release|Mixed Platforms.ActiveCfg = Release|Any CPU
		{B9A0CB2B-2017-4321-8FBC-D63082E277D8}.Release|Mixed Platforms.Build.0 = Release|Any CPU
		{B9A0CB2B-2017-4321-8FBC-D63082E277D8}.Release|Win32.ActiveCfg = Release|Any CPU
		{B9A0CB2B-2017-4321-8FBC-D63082E277D8}.Release|Win32.Build.0 = Release|Any CPU
		{B9A0CB2B-2017-4321-8FBC-D63082E277D8}.Release|x64.ActiveCfg = Release|Any CPU
		{B9A0CB2B-2017-4321-8FBC-D63082E277D8}.Release|x64.Build.0 = Release|Any CPU
		{B9A0CB2B-2017-4321-8FBC-D63082E277D8}.Release|x86.ActiveCfg = Release|Any CPU
		{B9A0CB2B-2017-4321-8FBC-D63082E277D8}.Release|x86.Build.0 = Release|Any CPU
		{A11C1CD4-D432-49AE-8B98-FDBE5AFB368D}.Debug|Any CPU.ActiveCfg = Debug|Any CPU
		{A11C1CD4-D432-49AE-8B98-FDBE5AFB368D}.Debug|Any CPU.Build.0 = Debug|Any CPU
		{A11C1CD4-D432-49AE-8B98-FDBE5AFB368D}.Debug|Mixed Platforms.ActiveCfg = Debug|Any CPU
		{A11C1CD4-D432-49AE-8B98-FDBE5AFB368D}.Debug|Mixed Platforms.Build.0 = Debug|Any CPU
		{A11C1CD4-D432-49AE-8B98-FDBE5AFB368D}.Debug|Win32.ActiveCfg = Debug|Any CPU
		{A11C1CD4-D432-49AE-8B98-FDBE5AFB368D}.Debug|Win32.Build.0 = Debug|Any CPU
		{A11C1CD4-D432-49AE-8B98-FDBE5AFB368D}.Debug|x64.ActiveCfg = Debug|Any CPU
		{A11C1CD4-D432-49AE-8B98-FDBE5AFB368D}.Debug|x64.Build.0 = Debug|Any CPU
		{A11C1CD4-D432-49AE-8B98-FDBE5AFB368D}.Debug|x86.ActiveCfg = Debug|Any CPU
		{A11C1CD4-D432-49AE-8B98-FDBE5AFB368D}.Debug|x86.Build.0 = Debug|Any CPU
		{A11C1CD4-D432-49AE-8B98-FDBE5AFB368D}.Release|Any CPU.ActiveCfg = Release|Any CPU
		{A11C1CD4-D432-49AE-8B98-FDBE5AFB368D}.Release|Any CPU.Build.0 = Release|Any CPU
		{A11C1CD4-D432-49AE-8B98-FDBE5AFB368D}.Release|Mixed Platforms.ActiveCfg = Release|Any CPU
		{A11C1CD4-D432-49AE-8B98-FDBE5AFB368D}.Release|Mixed Platforms.Build.0 = Release|Any CPU
		{A11C1CD4-D432-49AE-8B98-FDBE5AFB368D}.Release|Win32.ActiveCfg = Release|Any CPU
		{A11C1CD4-D432-49AE-8B98-FDBE5AFB368D}.Release|Win32.Build.0 = Release|Any CPU
		{A11C1CD4-D432-49AE-8B98-FDBE5AFB368D}.Release|x64.ActiveCfg = Release|Any CPU
		{A11C1CD4-D432-49AE-8B98-FDBE5AFB368D}.Release|x64.Build.0 = Release|Any CPU
		{A11C1CD4-D432-49AE-8B98-FDBE5AFB368D}.Release|x86.ActiveCfg = Release|Any CPU
		{A11C1CD4-D432-49AE-8B98-FDBE5AFB368D}.Release|x86.Build.0 = Release|Any CPU
		{48EC7159-829F-4E03-8837-B413E52CAF9B}.Debug|Any CPU.ActiveCfg = Debug|Any CPU
		{48EC7159-829F-4E03-8837-B413E52CAF9B}.Debug|Any CPU.Build.0 = Debug|Any CPU
		{48EC7159-829F-4E03-8837-B413E52CAF9B}.Debug|Mixed Platforms.ActiveCfg = Debug|Any CPU
		{48EC7159-829F-4E03-8837-B413E52CAF9B}.Debug|Mixed Platforms.Build.0 = Debug|Any CPU
		{48EC7159-829F-4E03-8837-B413E52CAF9B}.Debug|Win32.ActiveCfg = Debug|Any CPU
		{48EC7159-829F-4E03-8837-B413E52CAF9B}.Debug|Win32.Build.0 = Debug|Any CPU
		{48EC7159-829F-4E03-8837-B413E52CAF9B}.Debug|x64.ActiveCfg = Debug|Any CPU
		{48EC7159-829F-4E03-8837-B413E52CAF9B}.Debug|x64.Build.0 = Debug|Any CPU
		{48EC7159-829F-4E03-8837-B413E52CAF9B}.Debug|x86.ActiveCfg = Debug|Any CPU
		{48EC7159-829F-4E03-8837-B413E52CAF9B}.Debug|x86.Build.0 = Debug|Any CPU
		{48EC7159-829F-4E03-8837-B413E52CAF9B}.Release|Any CPU.ActiveCfg = Release|Any CPU
		{48EC7159-829F-4E03-8837-B413E52CAF9B}.Release|Any CPU.Build.0 = Release|Any CPU
		{48EC7159-829F-4E03-8837-B413E52CAF9B}.Release|Mixed Platforms.ActiveCfg = Release|Any CPU
		{48EC7159-829F-4E03-8837-B413E52CAF9B}.Release|Mixed Platforms.Build.0 = Release|Any CPU
		{48EC7159-829F-4E03-8837-B413E52CAF9B}.Release|Win32.ActiveCfg = Release|Any CPU
		{48EC7159-829F-4E03-8837-B413E52CAF9B}.Release|Win32.Build.0 = Release|Any CPU
		{48EC7159-829F-4E03-8837-B413E52CAF9B}.Release|x64.ActiveCfg = Release|Any CPU
		{48EC7159-829F-4E03-8837-B413E52CAF9B}.Release|x64.Build.0 = Release|Any CPU
		{48EC7159-829F-4E03-8837-B413E52CAF9B}.Release|x86.ActiveCfg = Release|Any CPU
		{48EC7159-829F-4E03-8837-B413E52CAF9B}.Release|x86.Build.0 = Release|Any CPU
		{EE011AEE-377B-4D38-ABF0-932ADE5FBD93}.Debug|Any CPU.ActiveCfg = Debug|Any CPU
		{EE011AEE-377B-4D38-ABF0-932ADE5FBD93}.Debug|Any CPU.Build.0 = Debug|Any CPU
		{EE011AEE-377B-4D38-ABF0-932ADE5FBD93}.Debug|Mixed Platforms.ActiveCfg = Debug|Any CPU
		{EE011AEE-377B-4D38-ABF0-932ADE5FBD93}.Debug|Mixed Platforms.Build.0 = Debug|Any CPU
		{EE011AEE-377B-4D38-ABF0-932ADE5FBD93}.Debug|Win32.ActiveCfg = Debug|Any CPU
		{EE011AEE-377B-4D38-ABF0-932ADE5FBD93}.Debug|Win32.Build.0 = Debug|Any CPU
		{EE011AEE-377B-4D38-ABF0-932ADE5FBD93}.Debug|x64.ActiveCfg = Debug|Any CPU
		{EE011AEE-377B-4D38-ABF0-932ADE5FBD93}.Debug|x64.Build.0 = Debug|Any CPU
		{EE011AEE-377B-4D38-ABF0-932ADE5FBD93}.Debug|x86.ActiveCfg = Debug|Any CPU
		{EE011AEE-377B-4D38-ABF0-932ADE5FBD93}.Debug|x86.Build.0 = Debug|Any CPU
		{EE011AEE-377B-4D38-ABF0-932ADE5FBD93}.Release|Any CPU.ActiveCfg = Release|Any CPU
		{EE011AEE-377B-4D38-ABF0-932ADE5FBD93}.Release|Any CPU.Build.0 = Release|Any CPU
		{EE011AEE-377B-4D38-ABF0-932ADE5FBD93}.Release|Mixed Platforms.ActiveCfg = Release|Any CPU
		{EE011AEE-377B-4D38-ABF0-932ADE5FBD93}.Release|Mixed Platforms.Build.0 = Release|Any CPU
		{EE011AEE-377B-4D38-ABF0-932ADE5FBD93}.Release|Win32.ActiveCfg = Release|Any CPU
		{EE011AEE-377B-4D38-ABF0-932ADE5FBD93}.Release|Win32.Build.0 = Release|Any CPU
		{EE011AEE-377B-4D38-ABF0-932ADE5FBD93}.Release|x64.ActiveCfg = Release|Any CPU
		{EE011AEE-377B-4D38-ABF0-932ADE5FBD93}.Release|x64.Build.0 = Release|Any CPU
		{EE011AEE-377B-4D38-ABF0-932ADE5FBD93}.Release|x86.ActiveCfg = Release|Any CPU
		{EE011AEE-377B-4D38-ABF0-932ADE5FBD93}.Release|x86.Build.0 = Release|Any CPU
		{5A8BDC18-4CF0-4138-ACCF-7B39E4FD0679}.Debug|Any CPU.ActiveCfg = Debug|Any CPU
		{5A8BDC18-4CF0-4138-ACCF-7B39E4FD0679}.Debug|Any CPU.Build.0 = Debug|Any CPU
		{5A8BDC18-4CF0-4138-ACCF-7B39E4FD0679}.Debug|Mixed Platforms.ActiveCfg = Debug|Any CPU
		{5A8BDC18-4CF0-4138-ACCF-7B39E4FD0679}.Debug|Mixed Platforms.Build.0 = Debug|Any CPU
		{5A8BDC18-4CF0-4138-ACCF-7B39E4FD0679}.Debug|Win32.ActiveCfg = Debug|Any CPU
		{5A8BDC18-4CF0-4138-ACCF-7B39E4FD0679}.Debug|Win32.Build.0 = Debug|Any CPU
		{5A8BDC18-4CF0-4138-ACCF-7B39E4FD0679}.Debug|x64.ActiveCfg = Debug|Any CPU
		{5A8BDC18-4CF0-4138-ACCF-7B39E4FD0679}.Debug|x64.Build.0 = Debug|Any CPU
		{5A8BDC18-4CF0-4138-ACCF-7B39E4FD0679}.Debug|x86.ActiveCfg = Debug|Any CPU
		{5A8BDC18-4CF0-4138-ACCF-7B39E4FD0679}.Debug|x86.Build.0 = Debug|Any CPU
		{5A8BDC18-4CF0-4138-ACCF-7B39E4FD0679}.Release|Any CPU.ActiveCfg = Release|Any CPU
		{5A8BDC18-4CF0-4138-ACCF-7B39E4FD0679}.Release|Any CPU.Build.0 = Release|Any CPU
		{5A8BDC18-4CF0-4138-ACCF-7B39E4FD0679}.Release|Mixed Platforms.ActiveCfg = Release|Any CPU
		{5A8BDC18-4CF0-4138-ACCF-7B39E4FD0679}.Release|Mixed Platforms.Build.0 = Release|Any CPU
		{5A8BDC18-4CF0-4138-ACCF-7B39E4FD0679}.Release|Win32.ActiveCfg = Release|Any CPU
		{5A8BDC18-4CF0-4138-ACCF-7B39E4FD0679}.Release|Win32.Build.0 = Release|Any CPU
		{5A8BDC18-4CF0-4138-ACCF-7B39E4FD0679}.Release|x64.ActiveCfg = Release|Any CPU
		{5A8BDC18-4CF0-4138-ACCF-7B39E4FD0679}.Release|x64.Build.0 = Release|Any CPU
		{5A8BDC18-4CF0-4138-ACCF-7B39E4FD0679}.Release|x86.ActiveCfg = Release|Any CPU
		{5A8BDC18-4CF0-4138-ACCF-7B39E4FD0679}.Release|x86.Build.0 = Release|Any CPU
		{E3674FF1-9054-4238-B8AB-435EA1F3CF07}.Debug|Any CPU.ActiveCfg = Debug|Any CPU
		{E3674FF1-9054-4238-B8AB-435EA1F3CF07}.Debug|Any CPU.Build.0 = Debug|Any CPU
		{E3674FF1-9054-4238-B8AB-435EA1F3CF07}.Debug|Mixed Platforms.ActiveCfg = Debug|Any CPU
		{E3674FF1-9054-4238-B8AB-435EA1F3CF07}.Debug|Mixed Platforms.Build.0 = Debug|Any CPU
		{E3674FF1-9054-4238-B8AB-435EA1F3CF07}.Debug|Win32.ActiveCfg = Debug|Any CPU
		{E3674FF1-9054-4238-B8AB-435EA1F3CF07}.Debug|Win32.Build.0 = Debug|Any CPU
		{E3674FF1-9054-4238-B8AB-435EA1F3CF07}.Debug|x64.ActiveCfg = Debug|Any CPU
		{E3674FF1-9054-4238-B8AB-435EA1F3CF07}.Debug|x64.Build.0 = Debug|Any CPU
		{E3674FF1-9054-4238-B8AB-435EA1F3CF07}.Debug|x86.ActiveCfg = Debug|Any CPU
		{E3674FF1-9054-4238-B8AB-435EA1F3CF07}.Debug|x86.Build.0 = Debug|Any CPU
		{E3674FF1-9054-4238-B8AB-435EA1F3CF07}.Release|Any CPU.ActiveCfg = Release|Any CPU
		{E3674FF1-9054-4238-B8AB-435EA1F3CF07}.Release|Any CPU.Build.0 = Release|Any CPU
		{E3674FF1-9054-4238-B8AB-435EA1F3CF07}.Release|Mixed Platforms.ActiveCfg = Release|Any CPU
		{E3674FF1-9054-4238-B8AB-435EA1F3CF07}.Release|Mixed Platforms.Build.0 = Release|Any CPU
		{E3674FF1-9054-4238-B8AB-435EA1F3CF07}.Release|Win32.ActiveCfg = Release|Any CPU
		{E3674FF1-9054-4238-B8AB-435EA1F3CF07}.Release|Win32.Build.0 = Release|Any CPU
		{E3674FF1-9054-4238-B8AB-435EA1F3CF07}.Release|x64.ActiveCfg = Release|Any CPU
		{E3674FF1-9054-4238-B8AB-435EA1F3CF07}.Release|x64.Build.0 = Release|Any CPU
		{E3674FF1-9054-4238-B8AB-435EA1F3CF07}.Release|x86.ActiveCfg = Release|Any CPU
		{E3674FF1-9054-4238-B8AB-435EA1F3CF07}.Release|x86.Build.0 = Release|Any CPU
		{184D1E38-DF2E-47F1-902B-6A3CC2984030}.Debug|Any CPU.ActiveCfg = Debug|Any CPU
		{184D1E38-DF2E-47F1-902B-6A3CC2984030}.Debug|Any CPU.Build.0 = Debug|Any CPU
		{184D1E38-DF2E-47F1-902B-6A3CC2984030}.Debug|Mixed Platforms.ActiveCfg = Debug|Any CPU
		{184D1E38-DF2E-47F1-902B-6A3CC2984030}.Debug|Mixed Platforms.Build.0 = Debug|Any CPU
		{184D1E38-DF2E-47F1-902B-6A3CC2984030}.Debug|Win32.ActiveCfg = Debug|Any CPU
		{184D1E38-DF2E-47F1-902B-6A3CC2984030}.Debug|Win32.Build.0 = Debug|Any CPU
		{184D1E38-DF2E-47F1-902B-6A3CC2984030}.Debug|x64.ActiveCfg = Debug|Any CPU
		{184D1E38-DF2E-47F1-902B-6A3CC2984030}.Debug|x64.Build.0 = Debug|Any CPU
		{184D1E38-DF2E-47F1-902B-6A3CC2984030}.Debug|x86.ActiveCfg = Debug|Any CPU
		{184D1E38-DF2E-47F1-902B-6A3CC2984030}.Debug|x86.Build.0 = Debug|Any CPU
		{184D1E38-DF2E-47F1-902B-6A3CC2984030}.Release|Any CPU.ActiveCfg = Release|Any CPU
		{184D1E38-DF2E-47F1-902B-6A3CC2984030}.Release|Any CPU.Build.0 = Release|Any CPU
		{184D1E38-DF2E-47F1-902B-6A3CC2984030}.Release|Mixed Platforms.ActiveCfg = Release|Any CPU
		{184D1E38-DF2E-47F1-902B-6A3CC2984030}.Release|Mixed Platforms.Build.0 = Release|Any CPU
		{184D1E38-DF2E-47F1-902B-6A3CC2984030}.Release|Win32.ActiveCfg = Release|Any CPU
		{184D1E38-DF2E-47F1-902B-6A3CC2984030}.Release|Win32.Build.0 = Release|Any CPU
		{184D1E38-DF2E-47F1-902B-6A3CC2984030}.Release|x64.ActiveCfg = Release|Any CPU
		{184D1E38-DF2E-47F1-902B-6A3CC2984030}.Release|x64.Build.0 = Release|Any CPU
		{184D1E38-DF2E-47F1-902B-6A3CC2984030}.Release|x86.ActiveCfg = Release|Any CPU
		{184D1E38-DF2E-47F1-902B-6A3CC2984030}.Release|x86.Build.0 = Release|Any CPU
		{395159B0-60A2-4517-9766-EE97B0AA47D4}.Debug|Any CPU.ActiveCfg = Debug|Any CPU
		{395159B0-60A2-4517-9766-EE97B0AA47D4}.Debug|Any CPU.Build.0 = Debug|Any CPU
		{395159B0-60A2-4517-9766-EE97B0AA47D4}.Debug|Mixed Platforms.ActiveCfg = Debug|Any CPU
		{395159B0-60A2-4517-9766-EE97B0AA47D4}.Debug|Mixed Platforms.Build.0 = Debug|Any CPU
		{395159B0-60A2-4517-9766-EE97B0AA47D4}.Debug|Win32.ActiveCfg = Debug|Any CPU
		{395159B0-60A2-4517-9766-EE97B0AA47D4}.Debug|Win32.Build.0 = Debug|Any CPU
		{395159B0-60A2-4517-9766-EE97B0AA47D4}.Debug|x64.ActiveCfg = Debug|Any CPU
		{395159B0-60A2-4517-9766-EE97B0AA47D4}.Debug|x64.Build.0 = Debug|Any CPU
		{395159B0-60A2-4517-9766-EE97B0AA47D4}.Debug|x86.ActiveCfg = Debug|Any CPU
		{395159B0-60A2-4517-9766-EE97B0AA47D4}.Debug|x86.Build.0 = Debug|Any CPU
		{395159B0-60A2-4517-9766-EE97B0AA47D4}.Release|Any CPU.ActiveCfg = Release|Any CPU
		{395159B0-60A2-4517-9766-EE97B0AA47D4}.Release|Any CPU.Build.0 = Release|Any CPU
		{395159B0-60A2-4517-9766-EE97B0AA47D4}.Release|Mixed Platforms.ActiveCfg = Release|Any CPU
		{395159B0-60A2-4517-9766-EE97B0AA47D4}.Release|Mixed Platforms.Build.0 = Release|Any CPU
		{395159B0-60A2-4517-9766-EE97B0AA47D4}.Release|Win32.ActiveCfg = Release|Any CPU
		{395159B0-60A2-4517-9766-EE97B0AA47D4}.Release|Win32.Build.0 = Release|Any CPU
		{395159B0-60A2-4517-9766-EE97B0AA47D4}.Release|x64.ActiveCfg = Release|Any CPU
		{395159B0-60A2-4517-9766-EE97B0AA47D4}.Release|x64.Build.0 = Release|Any CPU
		{395159B0-60A2-4517-9766-EE97B0AA47D4}.Release|x86.ActiveCfg = Release|Any CPU
		{395159B0-60A2-4517-9766-EE97B0AA47D4}.Release|x86.Build.0 = Release|Any CPU
	EndGlobalSection
	GlobalSection(SolutionProperties) = preSolution
		HideSolutionNode = FALSE
	EndGlobalSection
	GlobalSection(NestedProjects) = preSolution
		{9B51FBBE-FEFF-43CF-A978-6878765EACEE} = {3DA25E1E-9653-435F-9FBD-E27B3FCAFEED}
		{B17B24F3-C95E-4D86-998D-8D15C558EAA9} = {3DA25E1E-9653-435F-9FBD-E27B3FCAFEED}
		{CEA34005-E1C1-435A-B3EB-F3F474E640F7} = {587502EC-3B1F-4C4D-88EF-56B9AEEEEC15}
		{95592EB9-98BF-45E8-8033-3FC709BA1D6B} = {587502EC-3B1F-4C4D-88EF-56B9AEEEEC15}
		{E0252C4E-C3F4-4586-BF20-5844A2B8DCCA} = {587502EC-3B1F-4C4D-88EF-56B9AEEEEC15}
		{AD5733BD-84F0-4462-9BBB-193059F1C617} = {587502EC-3B1F-4C4D-88EF-56B9AEEEEC15}
		{93B730BB-E55B-4CE2-819C-C4172CF24C22} = {587502EC-3B1F-4C4D-88EF-56B9AEEEEC15}
		{DC37359E-1F8C-49E8-8857-EC19B4B992BB} = {587502EC-3B1F-4C4D-88EF-56B9AEEEEC15}
		{7B66F38D-509C-457B-9737-0DCC7AB9089E} = {587502EC-3B1F-4C4D-88EF-56B9AEEEEC15}
		{F81BA6F8-5B32-45FA-B547-23CF1C1EF72F} = {587502EC-3B1F-4C4D-88EF-56B9AEEEEC15}
		{BB7EE296-5DC4-430C-A6D2-13EB6FBD5ACD} = {587502EC-3B1F-4C4D-88EF-56B9AEEEEC15}
		{CFF7BC10-E9BF-4848-A5E9-DA2EFFFB98AD} = {587502EC-3B1F-4C4D-88EF-56B9AEEEEC15}
		{32BC073F-DD87-451B-85E1-888125C6964D} = {587502EC-3B1F-4C4D-88EF-56B9AEEEEC15}
		{5A8BDC18-4CF0-4138-ACCF-7B39E4FD0679} = {B2BA4620-E3EC-4AB8-8A5E-C77A8D6A8A21}
		{E3674FF1-9054-4238-B8AB-435EA1F3CF07} = {B2BA4620-E3EC-4AB8-8A5E-C77A8D6A8A21}
		{184D1E38-DF2E-47F1-902B-6A3CC2984030} = {B2BA4620-E3EC-4AB8-8A5E-C77A8D6A8A21}
	EndGlobalSection
	GlobalSection(ExtensibilityGlobals) = postSolution
		SolutionGuid = {B27951EA-EC4F-4544-AE45-FD8E8F1DCF9B}
	EndGlobalSection
EndGlobal
